
Microsoft Visual Studio Solution File, Format Version 12.00
# Visual Studio Version 16
VisualStudioVersion = 16.0.29209.62
MinimumVisualStudioVersion = 10.0.40219.1
Project("{FAE04EC0-301F-11D3-BF4B-00C04F79EFBC}") = "HM.API", "HM.API\HM.API.csproj", "{5EE8E6B8-105A-4D55-A50B-3F80ECE89DAC}"
EndProject
Project("{FAE04EC0-301F-11D3-BF4B-00C04F79EFBC}") = "HM.MVC", "HM.MVC\HM.MVC.csproj", "{C3AA4EFB-E476-40F4-90A2-FFFB114EAD9B}"
EndProject
Project("{FAE04EC0-301F-11D3-BF4B-00C04F79EFBC}") = "HM.UWP", "HM.UWP\HM.UWP.csproj", "{FC9C6CC4-D5CE-4C1E-86D0-978E71727BFA}"
EndProject
Global
	GlobalSection(SolutionConfigurationPlatforms) = preSolution
		Debug|Any CPU = Debug|Any CPU
		Debug|ARM = Debug|ARM
		Debug|ARM64 = Debug|ARM64
		Debug|x64 = Debug|x64
		Debug|x86 = Debug|x86
		Release|Any CPU = Release|Any CPU
		Release|ARM = Release|ARM
		Release|ARM64 = Release|ARM64
		Release|x64 = Release|x64
		Release|x86 = Release|x86
	EndGlobalSection
	GlobalSection(ProjectConfigurationPlatforms) = postSolution
		{5EE8E6B8-105A-4D55-A50B-3F80ECE89DAC}.Debug|Any CPU.ActiveCfg = Debug|Any CPU
		{5EE8E6B8-105A-4D55-A50B-3F80ECE89DAC}.Debug|Any CPU.Build.0 = Debug|Any CPU
		{5EE8E6B8-105A-4D55-A50B-3F80ECE89DAC}.Debug|ARM.ActiveCfg = Debug|Any CPU
		{5EE8E6B8-105A-4D55-A50B-3F80ECE89DAC}.Debug|ARM.Build.0 = Debug|Any CPU
		{5EE8E6B8-105A-4D55-A50B-3F80ECE89DAC}.Debug|ARM64.ActiveCfg = Debug|Any CPU
		{5EE8E6B8-105A-4D55-A50B-3F80ECE89DAC}.Debug|ARM64.Build.0 = Debug|Any CPU
		{5EE8E6B8-105A-4D55-A50B-3F80ECE89DAC}.Debug|x64.ActiveCfg = Debug|Any CPU
		{5EE8E6B8-105A-4D55-A50B-3F80ECE89DAC}.Debug|x64.Build.0 = Debug|Any CPU
		{5EE8E6B8-105A-4D55-A50B-3F80ECE89DAC}.Debug|x86.ActiveCfg = Debug|Any CPU
		{5EE8E6B8-105A-4D55-A50B-3F80ECE89DAC}.Debug|x86.Build.0 = Debug|Any CPU
		{5EE8E6B8-105A-4D55-A50B-3F80ECE89DAC}.Release|Any CPU.ActiveCfg = Release|Any CPU
		{5EE8E6B8-105A-4D55-A50B-3F80ECE89DAC}.Release|Any CPU.Build.0 = Release|Any CPU
		{5EE8E6B8-105A-4D55-A50B-3F80ECE89DAC}.Release|ARM.ActiveCfg = Release|Any CPU
		{5EE8E6B8-105A-4D55-A50B-3F80ECE89DAC}.Release|ARM.Build.0 = Release|Any CPU
		{5EE8E6B8-105A-4D55-A50B-3F80ECE89DAC}.Release|ARM64.ActiveCfg = Release|Any CPU
		{5EE8E6B8-105A-4D55-A50B-3F80ECE89DAC}.Release|ARM64.Build.0 = Release|Any CPU
		{5EE8E6B8-105A-4D55-A50B-3F80ECE89DAC}.Release|x64.ActiveCfg = Release|Any CPU
		{5EE8E6B8-105A-4D55-A50B-3F80ECE89DAC}.Release|x64.Build.0 = Release|Any CPU
		{5EE8E6B8-105A-4D55-A50B-3F80ECE89DAC}.Release|x86.ActiveCfg = Release|Any CPU
		{5EE8E6B8-105A-4D55-A50B-3F80ECE89DAC}.Release|x86.Build.0 = Release|Any CPU
		{C3AA4EFB-E476-40F4-90A2-FFFB114EAD9B}.Debug|Any CPU.ActiveCfg = Debug|Any CPU
		{C3AA4EFB-E476-40F4-90A2-FFFB114EAD9B}.Debug|Any CPU.Build.0 = Debug|Any CPU
		{C3AA4EFB-E476-40F4-90A2-FFFB114EAD9B}.Debug|ARM.ActiveCfg = Debug|Any CPU
		{C3AA4EFB-E476-40F4-90A2-FFFB114EAD9B}.Debug|ARM.Build.0 = Debug|Any CPU
		{C3AA4EFB-E476-40F4-90A2-FFFB114EAD9B}.Debug|ARM64.ActiveCfg = Debug|Any CPU
		{C3AA4EFB-E476-40F4-90A2-FFFB114EAD9B}.Debug|ARM64.Build.0 = Debug|Any CPU
		{C3AA4EFB-E476-40F4-90A2-FFFB114EAD9B}.Debug|x64.ActiveCfg = Debug|Any CPU
		{C3AA4EFB-E476-40F4-90A2-FFFB114EAD9B}.Debug|x64.Build.0 = Debug|Any CPU
		{C3AA4EFB-E476-40F4-90A2-FFFB114EAD9B}.Debug|x86.ActiveCfg = Debug|Any CPU
		{C3AA4EFB-E476-40F4-90A2-FFFB114EAD9B}.Debug|x86.Build.0 = Debug|Any CPU
		{C3AA4EFB-E476-40F4-90A2-FFFB114EAD9B}.Release|Any CPU.ActiveCfg = Release|Any CPU
		{C3AA4EFB-E476-40F4-90A2-FFFB114EAD9B}.Release|Any CPU.Build.0 = Release|Any CPU
		{C3AA4EFB-E476-40F4-90A2-FFFB114EAD9B}.Release|ARM.ActiveCfg = Release|Any CPU
		{C3AA4EFB-E476-40F4-90A2-FFFB114EAD9B}.Release|ARM.Build.0 = Release|Any CPU
		{C3AA4EFB-E476-40F4-90A2-FFFB114EAD9B}.Release|ARM64.ActiveCfg = Release|Any CPU
		{C3AA4EFB-E476-40F4-90A2-FFFB114EAD9B}.Release|ARM64.Build.0 = Release|Any CPU
		{C3AA4EFB-E476-40F4-90A2-FFFB114EAD9B}.Release|x64.ActiveCfg = Release|Any CPU
		{C3AA4EFB-E476-40F4-90A2-FFFB114EAD9B}.Release|x64.Build.0 = Release|Any CPU
		{C3AA4EFB-E476-40F4-90A2-FFFB114EAD9B}.Release|x86.ActiveCfg = Release|Any CPU
		{C3AA4EFB-E476-40F4-90A2-FFFB114EAD9B}.Release|x86.Build.0 = Release|Any CPU
		{FC9C6CC4-D5CE-4C1E-86D0-978E71727BFA}.Debug|Any CPU.ActiveCfg = Debug|x86
		{FC9C6CC4-D5CE-4C1E-86D0-978E71727BFA}.Debug|ARM.ActiveCfg = Debug|ARM
		{FC9C6CC4-D5CE-4C1E-86D0-978E71727BFA}.Debug|ARM.Build.0 = Debug|ARM
		{FC9C6CC4-D5CE-4C1E-86D0-978E71727BFA}.Debug|ARM.Deploy.0 = Debug|ARM
		{FC9C6CC4-D5CE-4C1E-86D0-978E71727BFA}.Debug|ARM64.ActiveCfg = Debug|ARM64
		{FC9C6CC4-D5CE-4C1E-86D0-978E71727BFA}.Debug|ARM64.Build.0 = Debug|ARM64
		{FC9C6CC4-D5CE-4C1E-86D0-978E71727BFA}.Debug|ARM64.Deploy.0 = Debug|ARM64
		{FC9C6CC4-D5CE-4C1E-86D0-978E71727BFA}.Debug|x64.ActiveCfg = Debug|x64
		{FC9C6CC4-D5CE-4C1E-86D0-978E71727BFA}.Debug|x64.Build.0 = Debug|x64
		{FC9C6CC4-D5CE-4C1E-86D0-978E71727BFA}.Debug|x64.Deploy.0 = Debug|x64
		{FC9C6CC4-D5CE-4C1E-86D0-978E71727BFA}.Debug|x86.ActiveCfg = Debug|x86
		{FC9C6CC4-D5CE-4C1E-86D0-978E71727BFA}.Debug|x86.Build.0 = Debug|x86
		{FC9C6CC4-D5CE-4C1E-86D0-978E71727BFA}.Debug|x86.Deploy.0 = Debug|x86
		{FC9C6CC4-D5CE-4C1E-86D0-978E71727BFA}.Release|Any CPU.ActiveCfg = Release|x86
		{FC9C6CC4-D5CE-4C1E-86D0-978E71727BFA}.Release|ARM.ActiveCfg = Release|ARM
		{FC9C6CC4-D5CE-4C1E-86D0-978E71727BFA}.Release|ARM.Build.0 = Release|ARM
		{FC9C6CC4-D5CE-4C1E-86D0-978E71727BFA}.Release|ARM.Deploy.0 = Release|ARM
		{FC9C6CC4-D5CE-4C1E-86D0-978E71727BFA}.Release|ARM64.ActiveCfg = Release|ARM64
		{FC9C6CC4-D5CE-4C1E-86D0-978E71727BFA}.Release|ARM64.Build.0 = Release|ARM64
		{FC9C6CC4-D5CE-4C1E-86D0-978E71727BFA}.Release|ARM64.Deploy.0 = Release|ARM64
		{FC9C6CC4-D5CE-4C1E-86D0-978E71727BFA}.Release|x64.ActiveCfg = Release|x64
		{FC9C6CC4-D5CE-4C1E-86D0-978E71727BFA}.Release|x64.Build.0 = Release|x64
		{FC9C6CC4-D5CE-4C1E-86D0-978E71727BFA}.Release|x64.Deploy.0 = Release|x64
		{FC9C6CC4-D5CE-4C1E-86D0-978E71727BFA}.Release|x86.ActiveCfg = Release|x86
		{FC9C6CC4-D5CE-4C1E-86D0-978E71727BFA}.Release|x86.Build.0 = Release|x86
		{FC9C6CC4-D5CE-4C1E-86D0-978E71727BFA}.Release|x86.Deploy.0 = Release|x86
	EndGlobalSection
	GlobalSection(SolutionProperties) = preSolution
		HideSolutionNode = FALSE
	EndGlobalSection
	GlobalSection(ExtensibilityGlobals) = postSolution
		SolutionGuid = {7DAE37E2-617A-43A5-9084-9AE9EE7E265F}
	EndGlobalSection
EndGlobal
